
Microsoft Visual Studio Solution File, Format Version 12.00
# Visual Studio Version 17
VisualStudioVersion = 17.4.33213.308
MinimumVisualStudioVersion = 10.0.40219.1
Project("{9A19103F-16F7-4668-BE54-9A1E7A4F7556}") = "HKBuildUtils", "HKBuildUtils\HKBuildUtils.csproj", "{CD741558-4E33-4861-84C1-2C774A932AE7}"
EndProject
Project("{FAE04EC0-301F-11D3-BF4B-00C04F79EFBC}") = "HKBuildUtils.CodeGen", "HKBuildUtils.CodeGen\HKBuildUtils.CodeGen.csproj", "{A957FA8F-1B4D-497C-9E56-CAE84FAB332B}"
EndProject
Global
	GlobalSection(SolutionConfigurationPlatforms) = preSolution
		Debug|Any CPU = Debug|Any CPU
		Release|Any CPU = Release|Any CPU
	EndGlobalSection
	GlobalSection(ProjectConfigurationPlatforms) = postSolution
		{CD741558-4E33-4861-84C1-2C774A932AE7}.Debug|Any CPU.ActiveCfg = Debug|Any CPU
		{CD741558-4E33-4861-84C1-2C774A932AE7}.Debug|Any CPU.Build.0 = Debug|Any CPU
		{CD741558-4E33-4861-84C1-2C774A932AE7}.Release|Any CPU.ActiveCfg = Release|Any CPU
		{CD741558-4E33-4861-84C1-2C774A932AE7}.Release|Any CPU.Build.0 = Release|Any CPU
		{A957FA8F-1B4D-497C-9E56-CAE84FAB332B}.Debug|Any CPU.ActiveCfg = Debug|Any CPU
		{A957FA8F-1B4D-497C-9E56-CAE84FAB332B}.Debug|Any CPU.Build.0 = Debug|Any CPU
		{A957FA8F-1B4D-497C-9E56-CAE84FAB332B}.Release|Any CPU.ActiveCfg = Release|Any CPU
		{A957FA8F-1B4D-497C-9E56-CAE84FAB332B}.Release|Any CPU.Build.0 = Release|Any CPU
	EndGlobalSection
	GlobalSection(SolutionProperties) = preSolution
		HideSolutionNode = FALSE
	EndGlobalSection
	GlobalSection(ExtensibilityGlobals) = postSolution
		SolutionGuid = {EE2BC876-3BA7-4D62-8B65-D00B3EE1C1D8}
	EndGlobalSection
EndGlobal
