
Microsoft Visual Studio Solution File, Format Version 12.00
# Visual Studio Version 17
VisualStudioVersion = 17.4.33213.308
MinimumVisualStudioVersion = 10.0.40219.1
Project("{9A19103F-16F7-4668-BE54-9A1E7A4F7556}") = "HKBuildUtils.Main", "HKBuildUtils\HKBuildUtils.Main.csproj", "{CD741558-4E33-4861-84C1-2C774A932AE7}"
EndProject
Project("{9A19103F-16F7-4668-BE54-9A1E7A4F7556}") = "HKBuildUtils.Package", "HKBuildUtils.Package\HKBuildUtils.Package.csproj", "{A979A1B6-4BE3-4AF3-BE98-7C2AC197DEE1}"
EndProject
Project("{2150E333-8FDC-42A3-9474-1A3956D46DE8}") = "CI", "CI", "{55C30389-1762-4765-A08E-ECEA9D975C33}"
	ProjectSection(SolutionItems) = preProject
		.github\workflows\dotnet.yml = .github\workflows\dotnet.yml
	EndProjectSection
EndProject
Project("{2150E333-8FDC-42A3-9474-1A3956D46DE8}") = "Fody", "Fody", "{C3BCC3F1-5BA1-43F7-B0F0-4C38E14C1B0B}"
EndProject
Project("{2150E333-8FDC-42A3-9474-1A3956D46DE8}") = "Build", "Build", "{61DF26E9-B6D0-451B-B9D3-91F2A50F895E}"
	ProjectSection(SolutionItems) = preProject
		Common.props = Common.props
		CommonFodyPackage.props = CommonFodyPackage.props
		CommonPackage.props = CommonPackage.props
	EndProjectSection
EndProject
Project("{2150E333-8FDC-42A3-9474-1A3956D46DE8}") = "Test", "Test", "{1C0F181E-B8C4-4E34-8F65-64AAEB4EC2B0}"
EndProject
Project("{FAE04EC0-301F-11D3-BF4B-00C04F79EFBC}") = "ReflectHelperGeneratorTest", "ReflectHelperGeneratorTest\ReflectHelperGeneratorTest.csproj", "{F948A334-96FD-4013-9773-D43EC852486F}"
EndProject
Project("{FAE04EC0-301F-11D3-BF4B-00C04F79EFBC}") = "Fody.ReflectHelper", "Fody.ReflectHelper\Fody.ReflectHelper.csproj", "{471B4084-6EEA-4F08-A4DF-71DA5A74A310}"
EndProject
Project("{FAE04EC0-301F-11D3-BF4B-00C04F79EFBC}") = "Fody.MonoModHookMerge", "Fody.MonoModHookMerge\Fody.MonoModHookMerge.csproj", "{57848826-CEAA-4BB8-A262-43EFDB3BD0BF}"
EndProject
Global
	GlobalSection(SolutionConfigurationPlatforms) = preSolution
		Debug|Any CPU = Debug|Any CPU
		Release|Any CPU = Release|Any CPU
	EndGlobalSection
	GlobalSection(ProjectConfigurationPlatforms) = postSolution
		{CD741558-4E33-4861-84C1-2C774A932AE7}.Debug|Any CPU.ActiveCfg = Debug|Any CPU
		{CD741558-4E33-4861-84C1-2C774A932AE7}.Debug|Any CPU.Build.0 = Debug|Any CPU
		{CD741558-4E33-4861-84C1-2C774A932AE7}.Release|Any CPU.ActiveCfg = Release|Any CPU
		{CD741558-4E33-4861-84C1-2C774A932AE7}.Release|Any CPU.Build.0 = Release|Any CPU
		{A979A1B6-4BE3-4AF3-BE98-7C2AC197DEE1}.Debug|Any CPU.ActiveCfg = Debug|Any CPU
		{A979A1B6-4BE3-4AF3-BE98-7C2AC197DEE1}.Debug|Any CPU.Build.0 = Debug|Any CPU
		{A979A1B6-4BE3-4AF3-BE98-7C2AC197DEE1}.Release|Any CPU.ActiveCfg = Release|Any CPU
		{A979A1B6-4BE3-4AF3-BE98-7C2AC197DEE1}.Release|Any CPU.Build.0 = Release|Any CPU
		{F948A334-96FD-4013-9773-D43EC852486F}.Debug|Any CPU.ActiveCfg = Debug|Any CPU
		{F948A334-96FD-4013-9773-D43EC852486F}.Debug|Any CPU.Build.0 = Debug|Any CPU
		{F948A334-96FD-4013-9773-D43EC852486F}.Release|Any CPU.ActiveCfg = Release|Any CPU
		{F948A334-96FD-4013-9773-D43EC852486F}.Release|Any CPU.Build.0 = Release|Any CPU
		{471B4084-6EEA-4F08-A4DF-71DA5A74A310}.Debug|Any CPU.ActiveCfg = Debug|Any CPU
		{471B4084-6EEA-4F08-A4DF-71DA5A74A310}.Debug|Any CPU.Build.0 = Debug|Any CPU
		{471B4084-6EEA-4F08-A4DF-71DA5A74A310}.Release|Any CPU.ActiveCfg = Release|Any CPU
		{471B4084-6EEA-4F08-A4DF-71DA5A74A310}.Release|Any CPU.Build.0 = Release|Any CPU
		{57848826-CEAA-4BB8-A262-43EFDB3BD0BF}.Debug|Any CPU.ActiveCfg = Debug|Any CPU
		{57848826-CEAA-4BB8-A262-43EFDB3BD0BF}.Debug|Any CPU.Build.0 = Debug|Any CPU
		{57848826-CEAA-4BB8-A262-43EFDB3BD0BF}.Release|Any CPU.ActiveCfg = Release|Any CPU
		{57848826-CEAA-4BB8-A262-43EFDB3BD0BF}.Release|Any CPU.Build.0 = Release|Any CPU
	EndGlobalSection
	GlobalSection(SolutionProperties) = preSolution
		HideSolutionNode = FALSE
	EndGlobalSection
	GlobalSection(NestedProjects) = preSolution
		{F948A334-96FD-4013-9773-D43EC852486F} = {1C0F181E-B8C4-4E34-8F65-64AAEB4EC2B0}
		{471B4084-6EEA-4F08-A4DF-71DA5A74A310} = {C3BCC3F1-5BA1-43F7-B0F0-4C38E14C1B0B}
		{57848826-CEAA-4BB8-A262-43EFDB3BD0BF} = {C3BCC3F1-5BA1-43F7-B0F0-4C38E14C1B0B}
	EndGlobalSection
	GlobalSection(ExtensibilityGlobals) = postSolution
		SolutionGuid = {EE2BC876-3BA7-4D62-8B65-D00B3EE1C1D8}
	EndGlobalSection
EndGlobal
